// !$*UTF8*$!
{
	archiveVersion = 1;
	classes = {
	};
	objectVersion = 56;
	objects = {

/* Begin PBXBuildFile section */
		FF164EFD2C01701400D710A5 /* ResumeGenApp.swift in Sources */ = {isa = PBXBuildFile; fileRef = FF164EFC2C01701400D710A5 /* ResumeGenApp.swift */; };
		FF164EFF2C01701400D710A5 /* ContentView.swift in Sources */ = {isa = PBXBuildFile; fileRef = FF164EFE2C01701400D710A5 /* ContentView.swift */; };
		FF164F012C01701500D710A5 /* Assets.xcassets in Resources */ = {isa = PBXBuildFile; fileRef = FF164F002C01701500D710A5 /* Assets.xcassets */; };
		FF164F042C01701500D710A5 /* Preview Assets.xcassets in Resources */ = {isa = PBXBuildFile; fileRef = FF164F032C01701500D710A5 /* Preview Assets.xcassets */; };
		FF164F0E2C01701500D710A5 /* ResumeGenTests.swift in Sources */ = {isa = PBXBuildFile; fileRef = FF164F0D2C01701500D710A5 /* ResumeGenTests.swift */; };
		FF164F182C01701500D710A5 /* ResumeGenUITests.swift in Sources */ = {isa = PBXBuildFile; fileRef = FF164F172C01701500D710A5 /* ResumeGenUITests.swift */; };
		FF164F1A2C01701500D710A5 /* ResumeGenUITestsLaunchTests.swift in Sources */ = {isa = PBXBuildFile; fileRef = FF164F192C01701500D710A5 /* ResumeGenUITestsLaunchTests.swift */; };
		FF164F272C0173B000D710A5 /* ResumeEditorView.swift in Sources */ = {isa = PBXBuildFile; fileRef = FF164F262C0173B000D710A5 /* ResumeEditorView.swift */; };
		FF164F292C01753A00D710A5 /* Section.swift in Sources */ = {isa = PBXBuildFile; fileRef = FF164F282C01753A00D710A5 /* Section.swift */; };
/* End PBXBuildFile section */

/* Begin PBXContainerItemProxy section */
		FF164F0A2C01701500D710A5 /* PBXContainerItemProxy */ = {
			isa = PBXContainerItemProxy;
			containerPortal = FF164EF12C01701400D710A5 /* Project object */;
			proxyType = 1;
			remoteGlobalIDString = FF164EF82C01701400D710A5;
			remoteInfo = ResumeGen;
		};
		FF164F142C01701500D710A5 /* PBXContainerItemProxy */ = {
			isa = PBXContainerItemProxy;
			containerPortal = FF164EF12C01701400D710A5 /* Project object */;
			proxyType = 1;
			remoteGlobalIDString = FF164EF82C01701400D710A5;
			remoteInfo = ResumeGen;
		};
/* End PBXContainerItemProxy section */

/* Begin PBXFileReference section */
		FF164EF92C01701400D710A5 /* ResumeGen.app */ = {isa = PBXFileReference; explicitFileType = wrapper.application; includeInIndex = 0; path = ResumeGen.app; sourceTree = BUILT_PRODUCTS_DIR; };
		FF164EFC2C01701400D710A5 /* ResumeGenApp.swift */ = {isa = PBXFileReference; lastKnownFileType = sourcecode.swift; path = ResumeGenApp.swift; sourceTree = "<group>"; };
		FF164EFE2C01701400D710A5 /* ContentView.swift */ = {isa = PBXFileReference; lastKnownFileType = sourcecode.swift; path = ContentView.swift; sourceTree = "<group>"; };
		FF164F002C01701500D710A5 /* Assets.xcassets */ = {isa = PBXFileReference; lastKnownFileType = folder.assetcatalog; path = Assets.xcassets; sourceTree = "<group>"; };
		FF164F032C01701500D710A5 /* Preview Assets.xcassets */ = {isa = PBXFileReference; lastKnownFileType = folder.assetcatalog; path = "Preview Assets.xcassets"; sourceTree = "<group>"; };
		FF164F092C01701500D710A5 /* ResumeGenTests.xctest */ = {isa = PBXFileReference; explicitFileType = wrapper.cfbundle; includeInIndex = 0; path = ResumeGenTests.xctest; sourceTree = BUILT_PRODUCTS_DIR; };
		FF164F0D2C01701500D710A5 /* ResumeGenTests.swift */ = {isa = PBXFileReference; lastKnownFileType = sourcecode.swift; path = ResumeGenTests.swift; sourceTree = "<group>"; };
		FF164F132C01701500D710A5 /* ResumeGenUITests.xctest */ = {isa = PBXFileReference; explicitFileType = wrapper.cfbundle; includeInIndex = 0; path = ResumeGenUITests.xctest; sourceTree = BUILT_PRODUCTS_DIR; };
		FF164F172C01701500D710A5 /* ResumeGenUITests.swift */ = {isa = PBXFileReference; lastKnownFileType = sourcecode.swift; path = ResumeGenUITests.swift; sourceTree = "<group>"; };
		FF164F192C01701500D710A5 /* ResumeGenUITestsLaunchTests.swift */ = {isa = PBXFileReference; lastKnownFileType = sourcecode.swift; path = ResumeGenUITestsLaunchTests.swift; sourceTree = "<group>"; };
		FF164F262C0173B000D710A5 /* ResumeEditorView.swift */ = {isa = PBXFileReference; lastKnownFileType = sourcecode.swift; path = ResumeEditorView.swift; sourceTree = "<group>"; };
		FF164F282C01753A00D710A5 /* Section.swift */ = {isa = PBXFileReference; lastKnownFileType = sourcecode.swift; path = Section.swift; sourceTree = "<group>"; };
/* End PBXFileReference section */

/* Begin PBXFrameworksBuildPhase section */
		FF164EF62C01701400D710A5 /* Frameworks */ = {
			isa = PBXFrameworksBuildPhase;
			buildActionMask = 2147483647;
			files = (
			);
			runOnlyForDeploymentPostprocessing = 0;
		};
		FF164F062C01701500D710A5 /* Frameworks */ = {
			isa = PBXFrameworksBuildPhase;
			buildActionMask = 2147483647;
			files = (
			);
			runOnlyForDeploymentPostprocessing = 0;
		};
		FF164F102C01701500D710A5 /* Frameworks */ = {
			isa = PBXFrameworksBuildPhase;
			buildActionMask = 2147483647;
			files = (
			);
			runOnlyForDeploymentPostprocessing = 0;
		};
/* End PBXFrameworksBuildPhase section */

/* Begin PBXGroup section */
		FF164EF02C01701400D710A5 = {
			isa = PBXGroup;
			children = (
				FF164EFB2C01701400D710A5 /* ResumeGen */,
				FF164F0C2C01701500D710A5 /* ResumeGenTests */,
				FF164F162C01701500D710A5 /* ResumeGenUITests */,
				FF164EFA2C01701400D710A5 /* Products */,
			);
			sourceTree = "<group>";
		};
		FF164EFA2C01701400D710A5 /* Products */ = {
			isa = PBXGroup;
			children = (
				FF164EF92C01701400D710A5 /* ResumeGen.app */,
				FF164F092C01701500D710A5 /* ResumeGenTests.xctest */,
				FF164F132C01701500D710A5 /* ResumeGenUITests.xctest */,
			);
			name = Products;
			sourceTree = "<group>";
		};
		FF164EFB2C01701400D710A5 /* ResumeGen */ = {
			isa = PBXGroup;
			children = (
				FF164EFC2C01701400D710A5 /* ResumeGenApp.swift */,
				FF164EFE2C01701400D710A5 /* ContentView.swift */,
				FF164F262C0173B000D710A5 /* ResumeEditorView.swift */,
				FF164F002C01701500D710A5 /* Assets.xcassets */,
				FF164F022C01701500D710A5 /* Preview Content */,
				FF164F282C01753A00D710A5 /* Section.swift */,
			);
			path = ResumeGen;
			sourceTree = "<group>";
		};
		FF164F022C01701500D710A5 /* Preview Content */ = {
			isa = PBXGroup;
			children = (
				FF164F032C01701500D710A5 /* Preview Assets.xcassets */,
			);
			path = "Preview Content";
			sourceTree = "<group>";
		};
		FF164F0C2C01701500D710A5 /* ResumeGenTests */ = {
			isa = PBXGroup;
			children = (
				FF164F0D2C01701500D710A5 /* ResumeGenTests.swift */,
			);
			path = ResumeGenTests;
			sourceTree = "<group>";
		};
		FF164F162C01701500D710A5 /* ResumeGenUITests */ = {
			isa = PBXGroup;
			children = (
				FF164F172C01701500D710A5 /* ResumeGenUITests.swift */,
				FF164F192C01701500D710A5 /* ResumeGenUITestsLaunchTests.swift */,
			);
			path = ResumeGenUITests;
			sourceTree = "<group>";
		};
/* End PBXGroup section */

/* Begin PBXNativeTarget section */
		FF164EF82C01701400D710A5 /* ResumeGen */ = {
			isa = PBXNativeTarget;
			buildConfigurationList = FF164F1D2C01701500D710A5 /* Build configuration list for PBXNativeTarget "ResumeGen" */;
			buildPhases = (
				FF164EF52C01701400D710A5 /* Sources */,
				FF164EF62C01701400D710A5 /* Frameworks */,
				FF164EF72C01701400D710A5 /* Resources */,
			);
			buildRules = (
			);
			dependencies = (
			);
			name = ResumeGen;
			productName = ResumeGen;
			productReference = FF164EF92C01701400D710A5 /* ResumeGen.app */;
			productType = "com.apple.product-type.application";
		};
		FF164F082C01701500D710A5 /* ResumeGenTests */ = {
			isa = PBXNativeTarget;
			buildConfigurationList = FF164F202C01701500D710A5 /* Build configuration list for PBXNativeTarget "ResumeGenTests" */;
			buildPhases = (
				FF164F052C01701500D710A5 /* Sources */,
				FF164F062C01701500D710A5 /* Frameworks */,
				FF164F072C01701500D710A5 /* Resources */,
			);
			buildRules = (
			);
			dependencies = (
				FF164F0B2C01701500D710A5 /* PBXTargetDependency */,
			);
			name = ResumeGenTests;
			productName = ResumeGenTests;
			productReference = FF164F092C01701500D710A5 /* ResumeGenTests.xctest */;
			productType = "com.apple.product-type.bundle.unit-test";
		};
		FF164F122C01701500D710A5 /* ResumeGenUITests */ = {
			isa = PBXNativeTarget;
			buildConfigurationList = FF164F232C01701500D710A5 /* Build configuration list for PBXNativeTarget "ResumeGenUITests" */;
			buildPhases = (
				FF164F0F2C01701500D710A5 /* Sources */,
				FF164F102C01701500D710A5 /* Frameworks */,
				FF164F112C01701500D710A5 /* Resources */,
			);
			buildRules = (
			);
			dependencies = (
				FF164F152C01701500D710A5 /* PBXTargetDependency */,
			);
			name = ResumeGenUITests;
			productName = ResumeGenUITests;
			productReference = FF164F132C01701500D710A5 /* ResumeGenUITests.xctest */;
			productType = "com.apple.product-type.bundle.ui-testing";
		};
/* End PBXNativeTarget section */

/* Begin PBXProject section */
		FF164EF12C01701400D710A5 /* Project object */ = {
			isa = PBXProject;
			attributes = {
				BuildIndependentTargetsInParallel = 1;
				LastSwiftUpdateCheck = 1540;
				LastUpgradeCheck = 1540;
				TargetAttributes = {
					FF164EF82C01701400D710A5 = {
						CreatedOnToolsVersion = 15.4;
					};
					FF164F082C01701500D710A5 = {
						CreatedOnToolsVersion = 15.4;
						TestTargetID = FF164EF82C01701400D710A5;
					};
					FF164F122C01701500D710A5 = {
						CreatedOnToolsVersion = 15.4;
						TestTargetID = FF164EF82C01701400D710A5;
					};
				};
			};
			buildConfigurationList = FF164EF42C01701400D710A5 /* Build configuration list for PBXProject "ResumeGen" */;
			compatibilityVersion = "Xcode 14.0";
			developmentRegion = en;
			hasScannedForEncodings = 0;
			knownRegions = (
				en,
				Base,
			);
			mainGroup = FF164EF02C01701400D710A5;
			productRefGroup = FF164EFA2C01701400D710A5 /* Products */;
			projectDirPath = "";
			projectRoot = "";
			targets = (
				FF164EF82C01701400D710A5 /* ResumeGen */,
				FF164F082C01701500D710A5 /* ResumeGenTests */,
				FF164F122C01701500D710A5 /* ResumeGenUITests */,
			);
		};
/* End PBXProject section */

/* Begin PBXResourcesBuildPhase section */
		FF164EF72C01701400D710A5 /* Resources */ = {
			isa = PBXResourcesBuildPhase;
			buildActionMask = 2147483647;
			files = (
				FF164F042C01701500D710A5 /* Preview Assets.xcassets in Resources */,
				FF164F012C01701500D710A5 /* Assets.xcassets in Resources */,
			);
			runOnlyForDeploymentPostprocessing = 0;
		};
		FF164F072C01701500D710A5 /* Resources */ = {
			isa = PBXResourcesBuildPhase;
			buildActionMask = 2147483647;
			files = (
			);
			runOnlyForDeploymentPostprocessing = 0;
		};
		FF164F112C01701500D710A5 /* Resources */ = {
			isa = PBXResourcesBuildPhase;
			buildActionMask = 2147483647;
			files = (
			);
			runOnlyForDeploymentPostprocessing = 0;
		};
/* End PBXResourcesBuildPhase section */

/* Begin PBXSourcesBuildPhase section */
		FF164EF52C01701400D710A5 /* Sources */ = {
			isa = PBXSourcesBuildPhase;
			buildActionMask = 2147483647;
			files = (
				FF164EFF2C01701400D710A5 /* ContentView.swift in Sources */,
				FF164F292C01753A00D710A5 /* Section.swift in Sources */,
				FF164F272C0173B000D710A5 /* ResumeEditorView.swift in Sources */,
				FF164EFD2C01701400D710A5 /* ResumeGenApp.swift in Sources */,
			);
			runOnlyForDeploymentPostprocessing = 0;
		};
		FF164F052C01701500D710A5 /* Sources */ = {
			isa = PBXSourcesBuildPhase;
			buildActionMask = 2147483647;
			files = (
				FF164F0E2C01701500D710A5 /* ResumeGenTests.swift in Sources */,
			);
			runOnlyForDeploymentPostprocessing = 0;
		};
		FF164F0F2C01701500D710A5 /* Sources */ = {
			isa = PBXSourcesBuildPhase;
			buildActionMask = 2147483647;
			files = (
				FF164F1A2C01701500D710A5 /* ResumeGenUITestsLaunchTests.swift in Sources */,
				FF164F182C01701500D710A5 /* ResumeGenUITests.swift in Sources */,
			);
			runOnlyForDeploymentPostprocessing = 0;
		};
/* End PBXSourcesBuildPhase section */

/* Begin PBXTargetDependency section */
		FF164F0B2C01701500D710A5 /* PBXTargetDependency */ = {
			isa = PBXTargetDependency;
			target = FF164EF82C01701400D710A5 /* ResumeGen */;
			targetProxy = FF164F0A2C01701500D710A5 /* PBXContainerItemProxy */;
		};
		FF164F152C01701500D710A5 /* PBXTargetDependency */ = {
			isa = PBXTargetDependency;
			target = FF164EF82C01701400D710A5 /* ResumeGen */;
			targetProxy = FF164F142C01701500D710A5 /* PBXContainerItemProxy */;
		};
/* End PBXTargetDependency section */

/* Begin XCBuildConfiguration section */
		FF164F1B2C01701500D710A5 /* Debug */ = {
			isa = XCBuildConfiguration;
			buildSettings = {
				ALWAYS_SEARCH_USER_PATHS = NO;
				ASSETCATALOG_COMPILER_GENERATE_SWIFT_ASSET_SYMBOL_EXTENSIONS = YES;
				CLANG_ANALYZER_NONNULL = YES;
				CLANG_ANALYZER_NUMBER_OBJECT_CONVERSION = YES_AGGRESSIVE;
				CLANG_CXX_LANGUAGE_STANDARD = "gnu++20";
				CLANG_ENABLE_MODULES = YES;
				CLANG_ENABLE_OBJC_ARC = YES;
				CLANG_ENABLE_OBJC_WEAK = YES;
				CLANG_WARN_BLOCK_CAPTURE_AUTORELEASING = YES;
				CLANG_WARN_BOOL_CONVERSION = YES;
				CLANG_WARN_COMMA = YES;
				CLANG_WARN_CONSTANT_CONVERSION = YES;
				CLANG_WARN_DEPRECATED_OBJC_IMPLEMENTATIONS = YES;
				CLANG_WARN_DIRECT_OBJC_ISA_USAGE = YES_ERROR;
				CLANG_WARN_DOCUMENTATION_COMMENTS = YES;
				CLANG_WARN_EMPTY_BODY = YES;
				CLANG_WARN_ENUM_CONVERSION = YES;
				CLANG_WARN_INFINITE_RECURSION = YES;
				CLANG_WARN_INT_CONVERSION = YES;
				CLANG_WARN_NON_LITERAL_NULL_CONVERSION = YES;
				CLANG_WARN_OBJC_IMPLICIT_RETAIN_SELF = YES;
				CLANG_WARN_OBJC_LITERAL_CONVERSION = YES;
				CLANG_WARN_OBJC_ROOT_CLASS = YES_ERROR;
				CLANG_WARN_QUOTED_INCLUDE_IN_FRAMEWORK_HEADER = YES;
				CLANG_WARN_RANGE_LOOP_ANALYSIS = YES;
				CLANG_WARN_STRICT_PROTOTYPES = YES;
				CLANG_WARN_SUSPICIOUS_MOVE = YES;
				CLANG_WARN_UNGUARDED_AVAILABILITY = YES_AGGRESSIVE;
				CLANG_WARN_UNREACHABLE_CODE = YES;
				CLANG_WARN__DUPLICATE_METHOD_MATCH = YES;
				COPY_PHASE_STRIP = NO;
				DEBUG_INFORMATION_FORMAT = dwarf;
				ENABLE_STRICT_OBJC_MSGSEND = YES;
				ENABLE_TESTABILITY = YES;
				ENABLE_USER_SCRIPT_SANDBOXING = YES;
				GCC_C_LANGUAGE_STANDARD = gnu17;
				GCC_DYNAMIC_NO_PIC = NO;
				GCC_NO_COMMON_BLOCKS = YES;
				GCC_OPTIMIZATION_LEVEL = 0;
				GCC_PREPROCESSOR_DEFINITIONS = (
					"DEBUG=1",
					"$(inherited)",
				);
				GCC_WARN_64_TO_32_BIT_CONVERSION = YES;
				GCC_WARN_ABOUT_RETURN_TYPE = YES_ERROR;
				GCC_WARN_UNDECLARED_SELECTOR = YES;
				GCC_WARN_UNINITIALIZED_AUTOS = YES_AGGRESSIVE;
				GCC_WARN_UNUSED_FUNCTION = YES;
				GCC_WARN_UNUSED_VARIABLE = YES;
				IPHONEOS_DEPLOYMENT_TARGET = 17.5;
				LOCALIZATION_PREFERS_STRING_CATALOGS = YES;
				MTL_ENABLE_DEBUG_INFO = INCLUDE_SOURCE;
				MTL_FAST_MATH = YES;
				ONLY_ACTIVE_ARCH = YES;
				SDKROOT = iphoneos;
				SWIFT_ACTIVE_COMPILATION_CONDITIONS = "DEBUG $(inherited)";
				SWIFT_OPTIMIZATION_LEVEL = "-Onone";
			};
			name = Debug;
		};
		FF164F1C2C01701500D710A5 /* Release */ = {
			isa = XCBuildConfiguration;
			buildSettings = {
				ALWAYS_SEARCH_USER_PATHS = NO;
				ASSETCATALOG_COMPILER_GENERATE_SWIFT_ASSET_SYMBOL_EXTENSIONS = YES;
				CLANG_ANALYZER_NONNULL = YES;
				CLANG_ANALYZER_NUMBER_OBJECT_CONVERSION = YES_AGGRESSIVE;
				CLANG_CXX_LANGUAGE_STANDARD = "gnu++20";
				CLANG_ENABLE_MODULES = YES;
				CLANG_ENABLE_OBJC_ARC = YES;
				CLANG_ENABLE_OBJC_WEAK = YES;
				CLANG_WARN_BLOCK_CAPTURE_AUTORELEASING = YES;
				CLANG_WARN_BOOL_CONVERSION = YES;
				CLANG_WARN_COMMA = YES;
				CLANG_WARN_CONSTANT_CONVERSION = YES;
				CLANG_WARN_DEPRECATED_OBJC_IMPLEMENTATIONS = YES;
				CLANG_WARN_DIRECT_OBJC_ISA_USAGE = YES_ERROR;
				CLANG_WARN_DOCUMENTATION_COMMENTS = YES;
				CLANG_WARN_EMPTY_BODY = YES;
				CLANG_WARN_ENUM_CONVERSION = YES;
				CLANG_WARN_INFINITE_RECURSION = YES;
				CLANG_WARN_INT_CONVERSION = YES;
				CLANG_WARN_NON_LITERAL_NULL_CONVERSION = YES;
				CLANG_WARN_OBJC_IMPLICIT_RETAIN_SELF = YES;
				CLANG_WARN_OBJC_LITERAL_CONVERSION = YES;
				CLANG_WARN_OBJC_ROOT_CLASS = YES_ERROR;
				CLANG_WARN_QUOTED_INCLUDE_IN_FRAMEWORK_HEADER = YES;
				CLANG_WARN_RANGE_LOOP_ANALYSIS = YES;
				CLANG_WARN_STRICT_PROTOTYPES = YES;
				CLANG_WARN_SUSPICIOUS_MOVE = YES;
				CLANG_WARN_UNGUARDED_AVAILABILITY = YES_AGGRESSIVE;
				CLANG_WARN_UNREACHABLE_CODE = YES;
				CLANG_WARN__DUPLICATE_METHOD_MATCH = YES;
				COPY_PHASE_STRIP = NO;
				DEBUG_INFORMATION_FORMAT = "dwarf-with-dsym";
				ENABLE_NS_ASSERTIONS = NO;
				ENABLE_STRICT_OBJC_MSGSEND = YES;
				ENABLE_USER_SCRIPT_SANDBOXING = YES;
				GCC_C_LANGUAGE_STANDARD = gnu17;
				GCC_NO_COMMON_BLOCKS = YES;
				GCC_WARN_64_TO_32_BIT_CONVERSION = YES;
				GCC_WARN_ABOUT_RETURN_TYPE = YES_ERROR;
				GCC_WARN_UNDECLARED_SELECTOR = YES;
				GCC_WARN_UNINITIALIZED_AUTOS = YES_AGGRESSIVE;
				GCC_WARN_UNUSED_FUNCTION = YES;
				GCC_WARN_UNUSED_VARIABLE = YES;
				IPHONEOS_DEPLOYMENT_TARGET = 17.5;
				LOCALIZATION_PREFERS_STRING_CATALOGS = YES;
				MTL_ENABLE_DEBUG_INFO = NO;
				MTL_FAST_MATH = YES;
				SDKROOT = iphoneos;
				SWIFT_COMPILATION_MODE = wholemodule;
				VALIDATE_PRODUCT = YES;
			};
			name = Release;
		};
		FF164F1E2C01701500D710A5 /* Debug */ = {
			isa = XCBuildConfiguration;
			buildSettings = {
				ASSETCATALOG_COMPILER_APPICON_NAME = AppIcon;
				ASSETCATALOG_COMPILER_GLOBAL_ACCENT_COLOR_NAME = AccentColor;
				CODE_SIGN_STYLE = Automatic;
				CURRENT_PROJECT_VERSION = 1;
				DEVELOPMENT_ASSET_PATHS = "\"ResumeGen/Preview Content\"";
				DEVELOPMENT_TEAM = YU36UQ7D9Z;
				ENABLE_PREVIEWS = YES;
				GENERATE_INFOPLIST_FILE = YES;
				INFOPLIST_KEY_UIApplicationSceneManifest_Generation = YES;
				INFOPLIST_KEY_UIApplicationSupportsIndirectInputEvents = YES;
				INFOPLIST_KEY_UILaunchScreen_Generation = YES;
				INFOPLIST_KEY_UISupportedInterfaceOrientations_iPad = "UIInterfaceOrientationPortrait UIInterfaceOrientationPortraitUpsideDown UIInterfaceOrientationLandscapeLeft UIInterfaceOrientationLandscapeRight";
				INFOPLIST_KEY_UISupportedInterfaceOrientations_iPhone = "UIInterfaceOrientationPortrait UIInterfaceOrientationLandscapeLeft UIInterfaceOrientationLandscapeRight";
				LD_RUNPATH_SEARCH_PATHS = (
					"$(inherited)",
					"@executable_path/Frameworks",
				);
				MARKETING_VERSION = 1.0;
				PRODUCT_BUNDLE_IDENTIFIER = name.Nutch.ResumeGen;
				PRODUCT_NAME = "$(TARGET_NAME)";
				SWIFT_EMIT_LOC_STRINGS = YES;
				SWIFT_VERSION = 5.0;
				TARGETED_DEVICE_FAMILY = "1,2";
			};
			name = Debug;
		};
		FF164F1F2C01701500D710A5 /* Release */ = {
			isa = XCBuildConfiguration;
			buildSettings = {
				ASSETCATALOG_COMPILER_APPICON_NAME = AppIcon;
				ASSETCATALOG_COMPILER_GLOBAL_ACCENT_COLOR_NAME = AccentColor;
				CODE_SIGN_STYLE = Automatic;
				CURRENT_PROJECT_VERSION = 1;
				DEVELOPMENT_ASSET_PATHS = "\"ResumeGen/Preview Content\"";
				DEVELOPMENT_TEAM = YU36UQ7D9Z;
				ENABLE_PREVIEWS = YES;
				GENERATE_INFOPLIST_FILE = YES;
				INFOPLIST_KEY_UIApplicationSceneManifest_Generation = YES;
				INFOPLIST_KEY_UIApplicationSupportsIndirectInputEvents = YES;
				INFOPLIST_KEY_UILaunchScreen_Generation = YES;
				INFOPLIST_KEY_UISupportedInterfaceOrientations_iPad = "UIInterfaceOrientationPortrait UIInterfaceOrientationPortraitUpsideDown UIInterfaceOrientationLandscapeLeft UIInterfaceOrientationLandscapeRight";
				INFOPLIST_KEY_UISupportedInterfaceOrientations_iPhone = "UIInterfaceOrientationPortrait UIInterfaceOrientationLandscapeLeft UIInterfaceOrientationLandscapeRight";
				LD_RUNPATH_SEARCH_PATHS = (
					"$(inherited)",
					"@executable_path/Frameworks",
				);
				MARKETING_VERSION = 1.0;
				PRODUCT_BUNDLE_IDENTIFIER = name.Nutch.ResumeGen;
				PRODUCT_NAME = "$(TARGET_NAME)";
				SWIFT_EMIT_LOC_STRINGS = YES;
				SWIFT_VERSION = 5.0;
				TARGETED_DEVICE_FAMILY = "1,2";
			};
			name = Release;
		};
		FF164F212C01701500D710A5 /* Debug */ = {
			isa = XCBuildConfiguration;
			buildSettings = {
				ALWAYS_EMBED_SWIFT_STANDARD_LIBRARIES = YES;
				BUNDLE_LOADER = "$(TEST_HOST)";
				CODE_SIGN_STYLE = Automatic;
				CURRENT_PROJECT_VERSION = 1;
				DEVELOPMENT_TEAM = YU36UQ7D9Z;
				GENERATE_INFOPLIST_FILE = YES;
				IPHONEOS_DEPLOYMENT_TARGET = 17.5;
				MARKETING_VERSION = 1.0;
				PRODUCT_BUNDLE_IDENTIFIER = name.Nutch.ResumeGenTests;
				PRODUCT_NAME = "$(TARGET_NAME)";
				SWIFT_EMIT_LOC_STRINGS = NO;
				SWIFT_VERSION = 5.0;
				TARGETED_DEVICE_FAMILY = "1,2";
				TEST_HOST = "$(BUILT_PRODUCTS_DIR)/ResumeGen.app/$(BUNDLE_EXECUTABLE_FOLDER_PATH)/ResumeGen";
			};
			name = Debug;
		};
		FF164F222C01701500D710A5 /* Release */ = {
			isa = XCBuildConfiguration;
			buildSettings = {
				ALWAYS_EMBED_SWIFT_STANDARD_LIBRARIES = YES;
				BUNDLE_LOADER = "$(TEST_HOST)";
				CODE_SIGN_STYLE = Automatic;
				CURRENT_PROJECT_VERSION = 1;
				DEVELOPMENT_TEAM = YU36UQ7D9Z;
				GENERATE_INFOPLIST_FILE = YES;
				IPHONEOS_DEPLOYMENT_TARGET = 17.5;
				MARKETING_VERSION = 1.0;
				PRODUCT_BUNDLE_IDENTIFIER = name.Nutch.ResumeGenTests;
				PRODUCT_NAME = "$(TARGET_NAME)";
				SWIFT_EMIT_LOC_STRINGS = NO;
				SWIFT_VERSION = 5.0;
				TARGETED_DEVICE_FAMILY = "1,2";
				TEST_HOST = "$(BUILT_PRODUCTS_DIR)/ResumeGen.app/$(BUNDLE_EXECUTABLE_FOLDER_PATH)/ResumeGen";
			};
			name = Release;
		};
		FF164F242C01701500D710A5 /* Debug */ = {
			isa = XCBuildConfiguration;
			buildSettings = {
				ALWAYS_EMBED_SWIFT_STANDARD_LIBRARIES = YES;
				CODE_SIGN_STYLE = Automatic;
				CURRENT_PROJECT_VERSION = 1;
				DEVELOPMENT_TEAM = YU36UQ7D9Z;
				GENERATE_INFOPLIST_FILE = YES;
				MARKETING_VERSION = 1.0;
				PRODUCT_BUNDLE_IDENTIFIER = name.Nutch.ResumeGenUITests;
				PRODUCT_NAME = "$(TARGET_NAME)";
				SWIFT_EMIT_LOC_STRINGS = NO;
				SWIFT_VERSION = 5.0;
				TARGETED_DEVICE_FAMILY = "1,2";
				TEST_TARGET_NAME = ResumeGen;
			};
			name = Debug;
		};
		FF164F252C01701500D710A5 /* Release */ = {
			isa = XCBuildConfiguration;
			buildSettings = {
				ALWAYS_EMBED_SWIFT_STANDARD_LIBRARIES = YES;
				CODE_SIGN_STYLE = Automatic;
				CURRENT_PROJECT_VERSION = 1;
				DEVELOPMENT_TEAM = YU36UQ7D9Z;
				GENERATE_INFOPLIST_FILE = YES;
				MARKETING_VERSION = 1.0;
				PRODUCT_BUNDLE_IDENTIFIER = name.Nutch.ResumeGenUITests;
				PRODUCT_NAME = "$(TARGET_NAME)";
				SWIFT_EMIT_LOC_STRINGS = NO;
				SWIFT_VERSION = 5.0;
				TARGETED_DEVICE_FAMILY = "1,2";
				TEST_TARGET_NAME = ResumeGen;
			};
			name = Release;
		};
/* End XCBuildConfiguration section */

/* Begin XCConfigurationList section */
		FF164EF42C01701400D710A5 /* Build configuration list for PBXProject "ResumeGen" */ = {
			isa = XCConfigurationList;
			buildConfigurations = (
				FF164F1B2C01701500D710A5 /* Debug */,
				FF164F1C2C01701500D710A5 /* Release */,
			);
			defaultConfigurationIsVisible = 0;
			defaultConfigurationName = Release;
		};
		FF164F1D2C01701500D710A5 /* Build configuration list for PBXNativeTarget "ResumeGen" */ = {
			isa = XCConfigurationList;
			buildConfigurations = (
				FF164F1E2C01701500D710A5 /* Debug */,
				FF164F1F2C01701500D710A5 /* Release */,
			);
			defaultConfigurationIsVisible = 0;
			defaultConfigurationName = Release;
		};
		FF164F202C01701500D710A5 /* Build configuration list for PBXNativeTarget "ResumeGenTests" */ = {
			isa = XCConfigurationList;
			buildConfigurations = (
				FF164F212C01701500D710A5 /* Debug */,
				FF164F222C01701500D710A5 /* Release */,
			);
			defaultConfigurationIsVisible = 0;
			defaultConfigurationName = Release;
		};
		FF164F232C01701500D710A5 /* Build configuration list for PBXNativeTarget "ResumeGenUITests" */ = {
			isa = XCConfigurationList;
			buildConfigurations = (
				FF164F242C01701500D710A5 /* Debug */,
				FF164F252C01701500D710A5 /* Release */,
			);
			defaultConfigurationIsVisible = 0;
			defaultConfigurationName = Release;
		};
/* End XCConfigurationList section */
	};
	rootObject = FF164EF12C01701400D710A5 /* Project object */;
}
